
Microsoft Visual Studio Solution File, Format Version 12.00
# Visual Studio Version 17
VisualStudioVersion = 17.8.34511.84
MinimumVisualStudioVersion = 10.0.40219.1
Project("{FAE04EC0-301F-11D3-BF4B-00C04F79EFBC}") = "OS4_PageReplacementAlgorithm", "OS4_PageReplacementAlgorithm\OS4_PageReplacementAlgorithm.csproj", "{0C6D565D-460D-4073-A2D5-B14EA597A4EF}"
EndProject
Global
	GlobalSection(SolutionConfigurationPlatforms) = preSolution
		Debug|Any CPU = Debug|Any CPU
		Release|Any CPU = Release|Any CPU
	EndGlobalSection
	GlobalSection(ProjectConfigurationPlatforms) = postSolution
		{0C6D565D-460D-4073-A2D5-B14EA597A4EF}.Debug|Any CPU.ActiveCfg = Debug|Any CPU
		{0C6D565D-460D-4073-A2D5-B14EA597A4EF}.Debug|Any CPU.Build.0 = Debug|Any CPU
		{0C6D565D-460D-4073-A2D5-B14EA597A4EF}.Release|Any CPU.ActiveCfg = Release|Any CPU
		{0C6D565D-460D-4073-A2D5-B14EA597A4EF}.Release|Any CPU.Build.0 = Release|Any CPU
	EndGlobalSection
	GlobalSection(SolutionProperties) = preSolution
		HideSolutionNode = FALSE
	EndGlobalSection
	GlobalSection(ExtensibilityGlobals) = postSolution
		SolutionGuid = {C371D0B8-EA84-4352-ADF2-F39441A48E31}
	EndGlobalSection
EndGlobal
